PODS:
  - Alamofire (5.2.2)
  - AlamofireObjectMapper (6.3.0):
    - Alamofire (~> 5.2.2)
    - ObjectMapper (~> 4.2.0)
  - M13Checkbox (3.4.0)
  - Material (3.1.8):
    - Material/Core (= 3.1.8)
  - Material/Core (3.1.8):
    - Motion (~> 3.1.1)
  - Motion (3.1.3):
    - Motion/Core (= 3.1.3)
  - Motion/Core (3.1.3)
  - NVActivityIndicatorView (5.0.1):
    - NVActivityIndicatorView/Base (= 5.0.1)
  - NVActivityIndicatorView/Base (5.0.1)
  - ObjectMapper (4.2.0)
  - SwiftLint (0.40.0)

DEPENDENCIES:
  - Alamofire
  - AlamofireObjectMapper (from `https://github.com/T-Pro/AlamofireObjectMapper.git`, branch `master`)
  - M13Checkbox
  - Material
  - Motion
  - NVActivityIndicatorView
  - ObjectMapper
  - SwiftLint

SPEC REPOS:
  trunk:
    - Alamofire
    - M13Checkbox
    - Material
    - Motion
    - NVActivityIndicatorView
    - ObjectMapper
    - SwiftLint

EXTERNAL SOURCES:
  AlamofireObjectMapper:
    :branch: master
    :git: https://github.com/T-Pro/AlamofireObjectMapper.git

CHECKOUT OPTIONS:
  AlamofireObjectMapper:
    :commit: 11bde54ecdae5f786c507b4fec1ad0001bb2600c
    :git: https://github.com/T-Pro/AlamofireObjectMapper.git

SPEC CHECKSUMS:
  Alamofire: 814429acc853c6c54ff123fc3d2ef66803823ce0
  AlamofireObjectMapper: 9802001b42a60e2365c411073828e89c6d28ccf8
  M13Checkbox: 6f59404540ac98ba83a3d1afac335895a40c6a5d
  Material: a2a3f400a3b549d53ef89e56c58c4535b29db387
  Motion: cf1e060e489f6661126374d5c60dbd2ed991605c
  NVActivityIndicatorView: 738e843cb8924e9e4fc3e559d0728031624bf860
  ObjectMapper: 1eb41f610210777375fa806bf161dc39fb832b81
  SwiftLint: 4154893c73a4c52d6240195507eb7a3e3c64087e

PODFILE CHECKSUM: 0f6bf81d2a63f7255c9cdda7bab31be687b9b07e

COCOAPODS: 1.9.3
