PODS:
  - Alamofire (4.7.3)
  - AlamofireObjectMapper (5.2.0):
    - Alamofire (~> 4.7)
    - ObjectMapper (~> 3.4)
  - M13Checkbox (3.3.2)
  - Material (3.0.0):
    - Material/Core (= 3.0.0)
  - Material/Core (3.0.0):
    - Motion (~> 2.0.0)
  - Motion (2.0.0):
    - Motion/Core (= 2.0.0)
  - Motion/Core (2.0.0)
  - NVActivityIndicatorView (4.6.1):
    - NVActivityIndicatorView/Presenter (= 4.6.1)
  - NVActivityIndicatorView/Presenter (4.6.1)
  - ObjectMapper (3.4.2)
  - SwiftLint (0.31.0)

DEPENDENCIES:
  - Alamofire (~> 4.7)
  - AlamofireObjectMapper (~> 5.2)
  - M13Checkbox (from `https://github.com/Marxon13/M13Checkbox.git`, branch `swift_5`)
  - Material (from `https://github.com/CosmicMind/Material.git`, branch `development`)
  - Motion (from `https://github.com/CosmicMind/Motion.git`, branch `development`)
  - NVActivityIndicatorView
  - ObjectMapper (~> 3.4)
  - SwiftLint

SPEC REPOS:
  trunk:
    - Alamofire
    - AlamofireObjectMapper
    - NVActivityIndicatorView
    - ObjectMapper
    - SwiftLint

EXTERNAL SOURCES:
  M13Checkbox:
    :branch: swift_5
    :git: https://github.com/Marxon13/M13Checkbox.git
  Material:
    :branch: development
    :git: https://github.com/CosmicMind/Material.git
  Motion:
    :branch: development
    :git: https://github.com/CosmicMind/Motion.git

CHECKOUT OPTIONS:
  M13Checkbox:
    :commit: 71c15babadd1d3c61019b211549128ff58598a29
    :git: https://github.com/Marxon13/M13Checkbox.git
  Material:
    :commit: 9834fd53b07be0dfa3cfcc9e163307c384fdcdf5
    :git: https://github.com/CosmicMind/Material.git
  Motion:
    :commit: 7ef51741d640a4b0776bbac75a3572fd38b22b93
    :git: https://github.com/CosmicMind/Motion.git

SPEC CHECKSUMS:
  Alamofire: c7287b6e5d7da964a70935e5db17046b7fde6568
  AlamofireObjectMapper: 92b6ce2423a9d159e686f6a1d514a009bf903ddc
  M13Checkbox: 9e78ff56efaec728b8739ad08121d0b2608facf8
  Material: cb05feded806028d5dec0d94b9733de077d817c8
  Motion: cef2aeafd1157ab1e382be3204f8388ef3382a22
  NVActivityIndicatorView: 4ca19fccc84595a78957336a086d00a49be6ce61
  ObjectMapper: 0d4402610f4e468903ae64629eec4784531e5c51
  SwiftLint: 7a0227733d786395817373b2d0ca799fd0093ff3

PODFILE CHECKSUM: 6331a016e402805a7162ad5832fcd914fdc997f9

COCOAPODS: 1.12.1
