PODS:
  - Alamofire (4.7.3)
  - AlamofireObjectMapper (5.2.0):
    - Alamofire (~> 4.7)
    - ObjectMapper (~> 3.4)
  - M13Checkbox (3.2.2)
  - Material (3.0.0):
    - Material/Core (= 3.0.0)
  - Material/Core (3.0.0):
    - Motion (~> 2.0.0)
  - Motion (2.0.0):
    - Motion/Core (= 2.0.0)
  - Motion/Core (2.0.0)
  - NVActivityIndicatorView (4.6.1):
    - NVActivityIndicatorView/Presenter (= 4.6.1)
  - NVActivityIndicatorView/Presenter (4.6.1)
  - ObjectMapper (3.4.2)

DEPENDENCIES:
  - Alamofire (~> 4.7)
  - AlamofireObjectMapper (~> 5.2)
  - M13Checkbox (from `https://github.com/Marxon13/M13Checkbox.git`, branch `swift_4_2`)
  - Material (from `https://github.com/CosmicMind/Material.git`, branch `development`)
  - Motion (from `https://github.com/CosmicMind/Motion.git`, branch `development`)
  - NVActivityIndicatorView
  - ObjectMapper (~> 3.4)

SPEC REPOS:
  https://github.com/cocoapods/specs.git:
    - Alamofire
    - AlamofireObjectMapper
    - NVActivityIndicatorView
    - ObjectMapper

EXTERNAL SOURCES:
  M13Checkbox:
    :branch: swift_4_2
    :git: https://github.com/Marxon13/M13Checkbox.git
  Material:
    :branch: development
    :git: https://github.com/CosmicMind/Material.git
  Motion:
    :branch: development
    :git: https://github.com/CosmicMind/Motion.git

CHECKOUT OPTIONS:
  M13Checkbox:
    :commit: c26efb918e40ae4662dc6659b60f7c5493e94807
    :git: https://github.com/Marxon13/M13Checkbox.git
  Material:
    :commit: 9834fd53b07be0dfa3cfcc9e163307c384fdcdf5
    :git: https://github.com/CosmicMind/Material.git
  Motion:
    :commit: 7ef51741d640a4b0776bbac75a3572fd38b22b93
    :git: https://github.com/CosmicMind/Motion.git

SPEC CHECKSUMS:
  Alamofire: c7287b6e5d7da964a70935e5db17046b7fde6568
  AlamofireObjectMapper: 92b6ce2423a9d159e686f6a1d514a009bf903ddc
  M13Checkbox: 82182615a76646475b451ebe448a998f77f8cc6e
  Material: 2b34ad176b7b7f4304f67f2135b91880783dfa10
  Motion: 22d4a1fa76b12d7d706c6b1d1e0a33784a28c012
  NVActivityIndicatorView: 4ca19fccc84595a78957336a086d00a49be6ce61
  ObjectMapper: 0d4402610f4e468903ae64629eec4784531e5c51

PODFILE CHECKSUM: a75f41be898519a26695196ffed884dd03e5aa73

COCOAPODS: 1.6.0
