// !$*UTF8*$!
{
	archiveVersion = 1;
	classes = {
	};
	objectVersion = 50;
	objects = {

/* Begin PBXBuildFile section */
		2F1E13972254502100464918 /* UserService.swift in Sources */ = {isa = PBXBuildFile; fileRef = 2F1E13962254502100464918 /* UserService.swift */; };
		2F1E139C2254514700464918 /* EmailAvailabilityResponse.swift in Sources */ = {isa = PBXBuildFile; fileRef = 2F1E139B2254514700464918 /* EmailAvailabilityResponse.swift */; };
		4020D0D921B10CF9006A7967 /* SignUpViewController.swift in Sources */ = {isa = PBXBuildFile; fileRef = 4020D0D821B10CF9006A7967 /* SignUpViewController.swift */; };
		4020D0DB21B10D2D006A7967 /* SignUpVCMethods.swift in Sources */ = {isa = PBXBuildFile; fileRef = 4020D0DA21B10D2D006A7967 /* SignUpVCMethods.swift */; };
		403D71F721AAE370008D9E9F /* AppDelegate.swift in Sources */ = {isa = PBXBuildFile; fileRef = 403D71F621AAE370008D9E9F /* AppDelegate.swift */; };
		403D71F921AAE371008D9E9F /* AppNavigationController.swift in Sources */ = {isa = PBXBuildFile; fileRef = 403D71F821AAE371008D9E9F /* AppNavigationController.swift */; };
		403D71FC21AAE371008D9E9F /* Main.storyboard in Resources */ = {isa = PBXBuildFile; fileRef = 403D71FA21AAE371008D9E9F /* Main.storyboard */; };
		403D71FE21AAE375008D9E9F /* Assets.xcassets in Resources */ = {isa = PBXBuildFile; fileRef = 403D71FD21AAE375008D9E9F /* Assets.xcassets */; };
		403D720121AAE375008D9E9F /* LaunchScreen.storyboard in Resources */ = {isa = PBXBuildFile; fileRef = 403D71FF21AAE375008D9E9F /* LaunchScreen.storyboard */; };
		403D720C21AAE375008D9E9F /* Eventyay_OrganizerUITests.swift in Sources */ = {isa = PBXBuildFile; fileRef = 403D720B21AAE375008D9E9F /* Eventyay_OrganizerUITests.swift */; };
		407E723521AFF81F00667B83 /* LoginViewController.swift in Sources */ = {isa = PBXBuildFile; fileRef = 407E723421AFF81F00667B83 /* LoginViewController.swift */; };
		407E723721AFF86E00667B83 /* LoginVCMethods.swift in Sources */ = {isa = PBXBuildFile; fileRef = 407E723621AFF86E00667B83 /* LoginVCMethods.swift */; };
		407E723A21B0015E00667B83 /* Colors.swift in Sources */ = {isa = PBXBuildFile; fileRef = 407E723921B0015E00667B83 /* Colors.swift */; };
		407E723C21B0020300667B83 /* Extensions.swift in Sources */ = {isa = PBXBuildFile; fileRef = 407E723B21B0020300667B83 /* Extensions.swift */; };
		4E6D8E9B224DEFF000587392 /* WelcomeViewController.swift in Sources */ = {isa = PBXBuildFile; fileRef = 4E6D8E9A224DEFF000587392 /* WelcomeViewController.swift */; };
		4E6D8E9D224DF01800587392 /* WelcomeVCMethods.swift in Sources */ = {isa = PBXBuildFile; fileRef = 4E6D8E9C224DF01800587392 /* WelcomeVCMethods.swift */; };
		4E6D8EA0224E092900587392 /* APIClient.swift in Sources */ = {isa = PBXBuildFile; fileRef = 4E6D8E9F224E092900587392 /* APIClient.swift */; };
		8BA35EC6DC4D9196E0C598CA /* Pods_EventyayOrganizerUITests.framework in Frameworks */ = {isa = PBXBuildFile; fileRef = E936F84AAB3105A13B587FAD /* Pods_EventyayOrganizerUITests.framework */; };
		BEE49886A23120F4577C7772 /* Pods_EventyayOrganizer.framework in Frameworks */ = {isa = PBXBuildFile; fileRef = A334443640AE74382B74EBAC /* Pods_EventyayOrganizer.framework */; };
/* End PBXBuildFile section */

/* Begin PBXContainerItemProxy section */
		403D720821AAE375008D9E9F /* PBXContainerItemProxy */ = {
			isa = PBXContainerItemProxy;
			containerPortal = 403D71EB21AAE370008D9E9F /* Project object */;
			proxyType = 1;
			remoteGlobalIDString = 403D71F221AAE370008D9E9F;
			remoteInfo = "Eventyay Organizer";
		};
/* End PBXContainerItemProxy section */

/* Begin PBXFileReference section */
		2F1E13962254502100464918 /* UserService.swift */ = {isa = PBXFileReference; lastKnownFileType = sourcecode.swift; path = UserService.swift; sourceTree = "<group>"; };
		2F1E139B2254514700464918 /* EmailAvailabilityResponse.swift */ = {isa = PBXFileReference; lastKnownFileType = sourcecode.swift; path = EmailAvailabilityResponse.swift; sourceTree = "<group>"; };
		3B48E7757D136D9306528CD4 /* Pods-EventyayOrganizer.release.xcconfig */ = {isa = PBXFileReference; includeInIndex = 1; lastKnownFileType = text.xcconfig; name = "Pods-EventyayOrganizer.release.xcconfig"; path = "Pods/Target Support Files/Pods-EventyayOrganizer/Pods-EventyayOrganizer.release.xcconfig"; sourceTree = "<group>"; };
		4020D0D821B10CF9006A7967 /* SignUpViewController.swift */ = {isa = PBXFileReference; lastKnownFileType = sourcecode.swift; path = SignUpViewController.swift; sourceTree = "<group>"; };
		4020D0DA21B10D2D006A7967 /* SignUpVCMethods.swift */ = {isa = PBXFileReference; lastKnownFileType = sourcecode.swift; path = SignUpVCMethods.swift; sourceTree = "<group>"; };
		403D71F321AAE370008D9E9F /* EventyayOrganizer.app */ = {isa = PBXFileReference; explicitFileType = wrapper.application; includeInIndex = 0; path = EventyayOrganizer.app; sourceTree = BUILT_PRODUCTS_DIR; };
		403D71F621AAE370008D9E9F /* AppDelegate.swift */ = {isa = PBXFileReference; lastKnownFileType = sourcecode.swift; path = AppDelegate.swift; sourceTree = "<group>"; };
		403D71F821AAE371008D9E9F /* AppNavigationController.swift */ = {isa = PBXFileReference; lastKnownFileType = sourcecode.swift; path = AppNavigationController.swift; sourceTree = "<group>"; };
		403D71FB21AAE371008D9E9F /* Base */ = {isa = PBXFileReference; lastKnownFileType = file.storyboard; name = Base; path = Base.lproj/Main.storyboard; sourceTree = "<group>"; };
		403D71FD21AAE375008D9E9F /* Assets.xcassets */ = {isa = PBXFileReference; lastKnownFileType = folder.assetcatalog; path = Assets.xcassets; sourceTree = "<group>"; };
		403D720021AAE375008D9E9F /* Base */ = {isa = PBXFileReference; lastKnownFileType = file.storyboard; name = Base; path = Base.lproj/LaunchScreen.storyboard; sourceTree = "<group>"; };
		403D720221AAE375008D9E9F /* Info.plist */ = {isa = PBXFileReference; lastKnownFileType = text.plist.xml; path = Info.plist; sourceTree = "<group>"; };
		403D720721AAE375008D9E9F /* EventyayOrganizerUITests.xctest */ = {isa = PBXFileReference; explicitFileType = wrapper.cfbundle; includeInIndex = 0; path = EventyayOrganizerUITests.xctest; sourceTree = BUILT_PRODUCTS_DIR; };
		403D720B21AAE375008D9E9F /* Eventyay_OrganizerUITests.swift */ = {isa = PBXFileReference; lastKnownFileType = sourcecode.swift; path = Eventyay_OrganizerUITests.swift; sourceTree = "<group>"; };
		403D720D21AAE376008D9E9F /* Info.plist */ = {isa = PBXFileReference; lastKnownFileType = text.plist.xml; path = Info.plist; sourceTree = "<group>"; };
		407E723421AFF81F00667B83 /* LoginViewController.swift */ = {isa = PBXFileReference; lastKnownFileType = sourcecode.swift; path = LoginViewController.swift; sourceTree = "<group>"; };
		407E723621AFF86E00667B83 /* LoginVCMethods.swift */ = {isa = PBXFileReference; lastKnownFileType = sourcecode.swift; path = LoginVCMethods.swift; sourceTree = "<group>"; };
		407E723921B0015E00667B83 /* Colors.swift */ = {isa = PBXFileReference; lastKnownFileType = sourcecode.swift; path = Colors.swift; sourceTree = "<group>"; };
		407E723B21B0020300667B83 /* Extensions.swift */ = {isa = PBXFileReference; lastKnownFileType = sourcecode.swift; path = Extensions.swift; sourceTree = "<group>"; };
		4E59065288D7D7AE05B20526 /* Pods-EventyayOrganizer.debug.xcconfig */ = {isa = PBXFileReference; includeInIndex = 1; lastKnownFileType = text.xcconfig; name = "Pods-EventyayOrganizer.debug.xcconfig"; path = "Pods/Target Support Files/Pods-EventyayOrganizer/Pods-EventyayOrganizer.debug.xcconfig"; sourceTree = "<group>"; };
		4E6D8E9A224DEFF000587392 /* WelcomeViewController.swift */ = {isa = PBXFileReference; lastKnownFileType = sourcecode.swift; path = WelcomeViewController.swift; sourceTree = "<group>"; };
		4E6D8E9C224DF01800587392 /* WelcomeVCMethods.swift */ = {isa = PBXFileReference; lastKnownFileType = sourcecode.swift; path = WelcomeVCMethods.swift; sourceTree = "<group>"; };
		4E6D8E9F224E092900587392 /* APIClient.swift */ = {isa = PBXFileReference; lastKnownFileType = sourcecode.swift; path = APIClient.swift; sourceTree = "<group>"; };
		5E323D8B8C9F2A87D027E2CD /* Pods-EventyayOrganizerUITests.release.xcconfig */ = {isa = PBXFileReference; includeInIndex = 1; lastKnownFileType = text.xcconfig; name = "Pods-EventyayOrganizerUITests.release.xcconfig"; path = "Pods/Target Support Files/Pods-EventyayOrganizerUITests/Pods-EventyayOrganizerUITests.release.xcconfig"; sourceTree = "<group>"; };
		A334443640AE74382B74EBAC /* Pods_EventyayOrganizer.framework */ = {isa = PBXFileReference; explicitFileType = wrapper.framework; includeInIndex = 0; path = Pods_EventyayOrganizer.framework; sourceTree = BUILT_PRODUCTS_DIR; };
		E73F39BE5BCAC0554BF47070 /* Pods-EventyayOrganizerUITests.debug.xcconfig */ = {isa = PBXFileReference; includeInIndex = 1; lastKnownFileType = text.xcconfig; name = "Pods-EventyayOrganizerUITests.debug.xcconfig"; path = "Pods/Target Support Files/Pods-EventyayOrganizerUITests/Pods-EventyayOrganizerUITests.debug.xcconfig"; sourceTree = "<group>"; };
		E936F84AAB3105A13B587FAD /* Pods_EventyayOrganizerUITests.framework */ = {isa = PBXFileReference; explicitFileType = wrapper.framework; includeInIndex = 0; path = Pods_EventyayOrganizerUITests.framework; sourceTree = BUILT_PRODUCTS_DIR; };
/* End PBXFileReference section */

/* Begin PBXFrameworksBuildPhase section */
		403D71F021AAE370008D9E9F /* Frameworks */ = {
			isa = PBXFrameworksBuildPhase;
			buildActionMask = 2147483647;
			files = (
				BEE49886A23120F4577C7772 /* Pods_EventyayOrganizer.framework in Frameworks */,
			);
			runOnlyForDeploymentPostprocessing = 0;
		};
		403D720421AAE375008D9E9F /* Frameworks */ = {
			isa = PBXFrameworksBuildPhase;
			buildActionMask = 2147483647;
			files = (
				8BA35EC6DC4D9196E0C598CA /* Pods_EventyayOrganizerUITests.framework in Frameworks */,
			);
			runOnlyForDeploymentPostprocessing = 0;
		};
/* End PBXFrameworksBuildPhase section */

/* Begin PBXGroup section */
		0E840257897F799AB3B846D9 /* Frameworks */ = {
			isa = PBXGroup;
			children = (
				A334443640AE74382B74EBAC /* Pods_EventyayOrganizer.framework */,
				E936F84AAB3105A13B587FAD /* Pods_EventyayOrganizerUITests.framework */,
			);
			name = Frameworks;
			sourceTree = "<group>";
		};
		2F1E13952254500600464918 /* Services */ = {
			isa = PBXGroup;
			children = (
				2F1E13962254502100464918 /* UserService.swift */,
			);
			path = Services;
			sourceTree = "<group>";
		};
		2F1E13992254512300464918 /* Models */ = {
			isa = PBXGroup;
			children = (
				2F1E139A2254512900464918 /* Responses */,
			);
			path = Models;
			sourceTree = "<group>";
		};
		2F1E139A2254512900464918 /* Responses */ = {
			isa = PBXGroup;
			children = (
				2F1E139B2254514700464918 /* EmailAvailabilityResponse.swift */,
			);
			path = Responses;
			sourceTree = "<group>";
		};
		4020D0DC21B10D4B006A7967 /* SignUpController */ = {
			isa = PBXGroup;
			children = (
				4020D0D821B10CF9006A7967 /* SignUpViewController.swift */,
				4020D0DA21B10D2D006A7967 /* SignUpVCMethods.swift */,
			);
			path = SignUpController;
			sourceTree = "<group>";
		};
		403D71EA21AAE370008D9E9F = {
			isa = PBXGroup;
			children = (
				403D71F521AAE370008D9E9F /* EventyayOrganizer */,
				403D720A21AAE375008D9E9F /* EventyayOrganizerUITests */,
				403D71F421AAE370008D9E9F /* Products */,
				C90AFB930213855CFD590E3B /* Pods */,
				0E840257897F799AB3B846D9 /* Frameworks */,
			);
			sourceTree = "<group>";
		};
		403D71F421AAE370008D9E9F /* Products */ = {
			isa = PBXGroup;
			children = (
				403D71F321AAE370008D9E9F /* EventyayOrganizer.app */,
				403D720721AAE375008D9E9F /* EventyayOrganizerUITests.xctest */,
			);
			name = Products;
			sourceTree = "<group>";
		};
		403D71F521AAE370008D9E9F /* EventyayOrganizer */ = {
			isa = PBXGroup;
			children = (
				2F1E13992254512300464918 /* Models */,
				4E6D8E9E224E091000587392 /* Network */,
				407E723121AFF64200667B83 /* Supporting Files */,
				407E723321AFF68C00667B83 /* Controllers */,
				407E723021AFF61D00667B83 /* Storyboards */,
				407E723221AFF66C00667B83 /* Assets */,
				407E723D21B0023A00667B83 /* Helpers */,
			);
			path = EventyayOrganizer;
			sourceTree = "<group>";
		};
		403D720A21AAE375008D9E9F /* EventyayOrganizerUITests */ = {
			isa = PBXGroup;
			children = (
				403D720B21AAE375008D9E9F /* Eventyay_OrganizerUITests.swift */,
				403D720D21AAE376008D9E9F /* Info.plist */,
			);
			path = EventyayOrganizerUITests;
			sourceTree = "<group>";
		};
		407E723021AFF61D00667B83 /* Storyboards */ = {
			isa = PBXGroup;
			children = (
				403D71FA21AAE371008D9E9F /* Main.storyboard */,
				403D71FF21AAE375008D9E9F /* LaunchScreen.storyboard */,
			);
			path = Storyboards;
			sourceTree = "<group>";
		};
		407E723121AFF64200667B83 /* Supporting Files */ = {
			isa = PBXGroup;
			children = (
				403D71F621AAE370008D9E9F /* AppDelegate.swift */,
				403D720221AAE375008D9E9F /* Info.plist */,
			);
			path = "Supporting Files";
			sourceTree = "<group>";
		};
		407E723221AFF66C00667B83 /* Assets */ = {
			isa = PBXGroup;
			children = (
				403D71FD21AAE375008D9E9F /* Assets.xcassets */,
			);
			path = Assets;
			sourceTree = "<group>";
		};
		407E723321AFF68C00667B83 /* Controllers */ = {
			isa = PBXGroup;
			children = (
				403D71F821AAE371008D9E9F /* AppNavigationController.swift */,
				4E6D8E99224DEEAA00587392 /* WelcomeController */,
				407E723821AFF89200667B83 /* LoginController */,
				4020D0DC21B10D4B006A7967 /* SignUpController */,
			);
			path = Controllers;
			sourceTree = "<group>";
		};
		407E723821AFF89200667B83 /* LoginController */ = {
			isa = PBXGroup;
			children = (
				407E723421AFF81F00667B83 /* LoginViewController.swift */,
				407E723621AFF86E00667B83 /* LoginVCMethods.swift */,
			);
			path = LoginController;
			sourceTree = "<group>";
		};
		407E723D21B0023A00667B83 /* Helpers */ = {
			isa = PBXGroup;
			children = (
				407E723921B0015E00667B83 /* Colors.swift */,
				407E723B21B0020300667B83 /* Extensions.swift */,
			);
			path = Helpers;
			sourceTree = "<group>";
		};
		4E6D8E99224DEEAA00587392 /* WelcomeController */ = {
			isa = PBXGroup;
			children = (
				4E6D8E9A224DEFF000587392 /* WelcomeViewController.swift */,
				4E6D8E9C224DF01800587392 /* WelcomeVCMethods.swift */,
			);
			path = WelcomeController;
			sourceTree = "<group>";
		};
		4E6D8E9E224E091000587392 /* Network */ = {
			isa = PBXGroup;
			children = (
				2F1E13952254500600464918 /* Services */,
				4E6D8E9F224E092900587392 /* APIClient.swift */,
			);
			path = Network;
			sourceTree = "<group>";
		};
		C90AFB930213855CFD590E3B /* Pods */ = {
			isa = PBXGroup;
			children = (
				4E59065288D7D7AE05B20526 /* Pods-EventyayOrganizer.debug.xcconfig */,
				3B48E7757D136D9306528CD4 /* Pods-EventyayOrganizer.release.xcconfig */,
				E73F39BE5BCAC0554BF47070 /* Pods-EventyayOrganizerUITests.debug.xcconfig */,
				5E323D8B8C9F2A87D027E2CD /* Pods-EventyayOrganizerUITests.release.xcconfig */,
			);
			name = Pods;
			sourceTree = "<group>";
		};
/* End PBXGroup section */

/* Begin PBXNativeTarget section */
		403D71F221AAE370008D9E9F /* EventyayOrganizer */ = {
			isa = PBXNativeTarget;
			buildConfigurationList = 403D721021AAE376008D9E9F /* Build configuration list for PBXNativeTarget "EventyayOrganizer" */;
			buildPhases = (
				27B750F2C1C426A8F8742869 /* [CP] Check Pods Manifest.lock */,
				403D71EF21AAE370008D9E9F /* Sources */,
				403D71F021AAE370008D9E9F /* Frameworks */,
				403D71F121AAE370008D9E9F /* Resources */,
				E3E7D204CE2C399B484A83BE /* [CP] Embed Pods Frameworks */,
			);
			buildRules = (
			);
			dependencies = (
			);
			name = EventyayOrganizer;
			productName = "Eventyay Organizer";
			productReference = 403D71F321AAE370008D9E9F /* EventyayOrganizer.app */;
			productType = "com.apple.product-type.application";
		};
		403D720621AAE375008D9E9F /* EventyayOrganizerUITests */ = {
			isa = PBXNativeTarget;
			buildConfigurationList = 403D721321AAE376008D9E9F /* Build configuration list for PBXNativeTarget "EventyayOrganizerUITests" */;
			buildPhases = (
				7BDD60F1CF811E05925F95BD /* [CP] Check Pods Manifest.lock */,
				403D720321AAE375008D9E9F /* Sources */,
				403D720421AAE375008D9E9F /* Frameworks */,
				403D720521AAE375008D9E9F /* Resources */,
				14B5A9A6139CA377639C6EF3 /* [CP] Embed Pods Frameworks */,
			);
			buildRules = (
			);
			dependencies = (
				403D720921AAE375008D9E9F /* PBXTargetDependency */,
			);
			name = EventyayOrganizerUITests;
			productName = "Eventyay OrganizerUITests";
			productReference = 403D720721AAE375008D9E9F /* EventyayOrganizerUITests.xctest */;
			productType = "com.apple.product-type.bundle.ui-testing";
		};
/* End PBXNativeTarget section */

/* Begin PBXProject section */
		403D71EB21AAE370008D9E9F /* Project object */ = {
			isa = PBXProject;
			attributes = {
				LastSwiftUpdateCheck = 1010;
				LastUpgradeCheck = 1010;
				ORGANIZATIONNAME = FOSSAsia;
				TargetAttributes = {
					403D71F221AAE370008D9E9F = {
						CreatedOnToolsVersion = 10.1;
					};
					403D720621AAE375008D9E9F = {
						CreatedOnToolsVersion = 10.1;
						TestTargetID = 403D71F221AAE370008D9E9F;
					};
				};
			};
			buildConfigurationList = 403D71EE21AAE370008D9E9F /* Build configuration list for PBXProject "EventyayOrganizer" */;
			compatibilityVersion = "Xcode 9.3";
			developmentRegion = en;
			hasScannedForEncodings = 0;
			knownRegions = (
				en,
				Base,
			);
			mainGroup = 403D71EA21AAE370008D9E9F;
			productRefGroup = 403D71F421AAE370008D9E9F /* Products */;
			projectDirPath = "";
			projectRoot = "";
			targets = (
				403D71F221AAE370008D9E9F /* EventyayOrganizer */,
				403D720621AAE375008D9E9F /* EventyayOrganizerUITests */,
			);
		};
/* End PBXProject section */

/* Begin PBXResourcesBuildPhase section */
		403D71F121AAE370008D9E9F /* Resources */ = {
			isa = PBXResourcesBuildPhase;
			buildActionMask = 2147483647;
			files = (
				403D720121AAE375008D9E9F /* LaunchScreen.storyboard in Resources */,
				403D71FE21AAE375008D9E9F /* Assets.xcassets in Resources */,
				403D71FC21AAE371008D9E9F /* Main.storyboard in Resources */,
			);
			runOnlyForDeploymentPostprocessing = 0;
		};
		403D720521AAE375008D9E9F /* Resources */ = {
			isa = PBXResourcesBuildPhase;
			buildActionMask = 2147483647;
			files = (
			);
			runOnlyForDeploymentPostprocessing = 0;
		};
/* End PBXResourcesBuildPhase section */

/* Begin PBXShellScriptBuildPhase section */
		14B5A9A6139CA377639C6EF3 /* [CP] Embed Pods Frameworks */ = {
			isa = PBXShellScriptBuildPhase;
			buildActionMask = 2147483647;
			files = (
			);
			inputPaths = (
				"${PODS_ROOT}/Target Support Files/Pods-EventyayOrganizerUITests/Pods-EventyayOrganizerUITests-frameworks.sh",
				"${BUILT_PRODUCTS_DIR}/Alamofire/Alamofire.framework",
			);
			name = "[CP] Embed Pods Frameworks";
			outputPaths = (
				"${TARGET_BUILD_DIR}/${FRAMEWORKS_FOLDER_PATH}/Alamofire.framework",
			);
			runOnlyForDeploymentPostprocessing = 0;
			shellPath = /bin/sh;
			shellScript = "\"${PODS_ROOT}/Target Support Files/Pods-EventyayOrganizerUITests/Pods-EventyayOrganizerUITests-frameworks.sh\"\n";
			showEnvVarsInLog = 0;
		};
		27B750F2C1C426A8F8742869 /* [CP] Check Pods Manifest.lock */ = {
			isa = PBXShellScriptBuildPhase;
			buildActionMask = 2147483647;
			files = (
			);
			inputPaths = (
				"${PODS_PODFILE_DIR_PATH}/Podfile.lock",
				"${PODS_ROOT}/Manifest.lock",
			);
			name = "[CP] Check Pods Manifest.lock";
			outputPaths = (
				"$(DERIVED_FILE_DIR)/Pods-EventyayOrganizer-checkManifestLockResult.txt",
			);
			runOnlyForDeploymentPostprocessing = 0;
			shellPath = /bin/sh;
			shellScript = "diff \"${PODS_PODFILE_DIR_PATH}/Podfile.lock\" \"${PODS_ROOT}/Manifest.lock\" > /dev/null\nif [ $? != 0 ] ; then\n    # print error to STDERR\n    echo \"error: The sandbox is not in sync with the Podfile.lock. Run 'pod install' or update your CocoaPods installation.\" >&2\n    exit 1\nfi\n# This output is used by Xcode 'outputs' to avoid re-running this script phase.\necho \"SUCCESS\" > \"${SCRIPT_OUTPUT_FILE_0}\"\n";
			showEnvVarsInLog = 0;
		};
		7BDD60F1CF811E05925F95BD /* [CP] Check Pods Manifest.lock */ = {
			isa = PBXShellScriptBuildPhase;
			buildActionMask = 2147483647;
			files = (
			);
			inputPaths = (
				"${PODS_PODFILE_DIR_PATH}/Podfile.lock",
				"${PODS_ROOT}/Manifest.lock",
			);
			name = "[CP] Check Pods Manifest.lock";
			outputPaths = (
				"$(DERIVED_FILE_DIR)/Pods-EventyayOrganizerUITests-checkManifestLockResult.txt",
			);
			runOnlyForDeploymentPostprocessing = 0;
			shellPath = /bin/sh;
			shellScript = "diff \"${PODS_PODFILE_DIR_PATH}/Podfile.lock\" \"${PODS_ROOT}/Manifest.lock\" > /dev/null\nif [ $? != 0 ] ; then\n    # print error to STDERR\n    echo \"error: The sandbox is not in sync with the Podfile.lock. Run 'pod install' or update your CocoaPods installation.\" >&2\n    exit 1\nfi\n# This output is used by Xcode 'outputs' to avoid re-running this script phase.\necho \"SUCCESS\" > \"${SCRIPT_OUTPUT_FILE_0}\"\n";
			showEnvVarsInLog = 0;
		};
		E3E7D204CE2C399B484A83BE /* [CP] Embed Pods Frameworks */ = {
			isa = PBXShellScriptBuildPhase;
			buildActionMask = 2147483647;
			files = (
			);
			inputPaths = (
				"${PODS_ROOT}/Target Support Files/Pods-EventyayOrganizer/Pods-EventyayOrganizer-frameworks.sh",
				"${BUILT_PRODUCTS_DIR}/Alamofire/Alamofire.framework",
				"${BUILT_PRODUCTS_DIR}/AlamofireObjectMapper/AlamofireObjectMapper.framework",
				"${BUILT_PRODUCTS_DIR}/M13Checkbox/M13Checkbox.framework",
				"${BUILT_PRODUCTS_DIR}/Material/Material.framework",
				"${BUILT_PRODUCTS_DIR}/Motion/Motion.framework",
				"${BUILT_PRODUCTS_DIR}/NVActivityIndicatorView/NVActivityIndicatorView.framework",
				"${BUILT_PRODUCTS_DIR}/ObjectMapper/ObjectMapper.framework",
			);
			name = "[CP] Embed Pods Frameworks";
			outputPaths = (
				"${TARGET_BUILD_DIR}/${FRAMEWORKS_FOLDER_PATH}/Alamofire.framework",
				"${TARGET_BUILD_DIR}/${FRAMEWORKS_FOLDER_PATH}/AlamofireObjectMapper.framework",
				"${TARGET_BUILD_DIR}/${FRAMEWORKS_FOLDER_PATH}/M13Checkbox.framework",
				"${TARGET_BUILD_DIR}/${FRAMEWORKS_FOLDER_PATH}/Material.framework",
				"${TARGET_BUILD_DIR}/${FRAMEWORKS_FOLDER_PATH}/Motion.framework",
				"${TARGET_BUILD_DIR}/${FRAMEWORKS_FOLDER_PATH}/NVActivityIndicatorView.framework",
				"${TARGET_BUILD_DIR}/${FRAMEWORKS_FOLDER_PATH}/ObjectMapper.framework",
			);
			runOnlyForDeploymentPostprocessing = 0;
			shellPath = /bin/sh;
			shellScript = "\"${PODS_ROOT}/Target Support Files/Pods-EventyayOrganizer/Pods-EventyayOrganizer-frameworks.sh\"\n";
			showEnvVarsInLog = 0;
		};
/* End PBXShellScriptBuildPhase section */

/* Begin PBXSourcesBuildPhase section */
		403D71EF21AAE370008D9E9F /* Sources */ = {
			isa = PBXSourcesBuildPhase;
			buildActionMask = 2147483647;
			files = (
				407E723521AFF81F00667B83 /* LoginViewController.swift in Sources */,
				4020D0D921B10CF9006A7967 /* SignUpViewController.swift in Sources */,
				407E723C21B0020300667B83 /* Extensions.swift in Sources */,
				4020D0DB21B10D2D006A7967 /* SignUpVCMethods.swift in Sources */,
				407E723A21B0015E00667B83 /* Colors.swift in Sources */,
				4E6D8EA0224E092900587392 /* APIClient.swift in Sources */,
				407E723721AFF86E00667B83 /* LoginVCMethods.swift in Sources */,
				4E6D8E9D224DF01800587392 /* WelcomeVCMethods.swift in Sources */,
				2F1E13972254502100464918 /* UserService.swift in Sources */,
				2F1E139C2254514700464918 /* EmailAvailabilityResponse.swift in Sources */,
				403D71F921AAE371008D9E9F /* AppNavigationController.swift in Sources */,
				403D71F721AAE370008D9E9F /* AppDelegate.swift in Sources */,
				4E6D8E9B224DEFF000587392 /* WelcomeViewController.swift in Sources */,
			);
			runOnlyForDeploymentPostprocessing = 0;
		};
		403D720321AAE375008D9E9F /* Sources */ = {
			isa = PBXSourcesBuildPhase;
			buildActionMask = 2147483647;
			files = (
				403D720C21AAE375008D9E9F /* Eventyay_OrganizerUITests.swift in Sources */,
			);
			runOnlyForDeploymentPostprocessing = 0;
		};
/* End PBXSourcesBuildPhase section */

/* Begin PBXTargetDependency section */
		403D720921AAE375008D9E9F /* PBXTargetDependency */ = {
			isa = PBXTargetDependency;
			target = 403D71F221AAE370008D9E9F /* EventyayOrganizer */;
			targetProxy = 403D720821AAE375008D9E9F /* PBXContainerItemProxy */;
		};
/* End PBXTargetDependency section */

/* Begin PBXVariantGroup section */
		403D71FA21AAE371008D9E9F /* Main.storyboard */ = {
			isa = PBXVariantGroup;
			children = (
				403D71FB21AAE371008D9E9F /* Base */,
			);
			name = Main.storyboard;
			sourceTree = "<group>";
		};
		403D71FF21AAE375008D9E9F /* LaunchScreen.storyboard */ = {
			isa = PBXVariantGroup;
			children = (
				403D720021AAE375008D9E9F /* Base */,
			);
			name = LaunchScreen.storyboard;
			sourceTree = "<group>";
		};
/* End PBXVariantGroup section */

/* Begin XCBuildConfiguration section */
		403D720E21AAE376008D9E9F /* Debug */ = {
			isa = XCBuildConfiguration;
			buildSettings = {
				ALWAYS_EMBED_SWIFT_STANDARD_LIBRARIES = "$(inherited)";
				ALWAYS_SEARCH_USER_PATHS = NO;
				CLANG_ANALYZER_NONNULL = YES;
				CLANG_ANALYZER_NUMBER_OBJECT_CONVERSION = YES_AGGRESSIVE;
				CLANG_CXX_LANGUAGE_STANDARD = "gnu++14";
				CLANG_CXX_LIBRARY = "libc++";
				CLANG_ENABLE_MODULES = YES;
				CLANG_ENABLE_OBJC_ARC = YES;
				CLANG_ENABLE_OBJC_WEAK = YES;
				CLANG_WARN_BLOCK_CAPTURE_AUTORELEASING = YES;
				CLANG_WARN_BOOL_CONVERSION = YES;
				CLANG_WARN_COMMA = YES;
				CLANG_WARN_CONSTANT_CONVERSION = YES;
				CLANG_WARN_DEPRECATED_OBJC_IMPLEMENTATIONS = YES;
				CLANG_WARN_DIRECT_OBJC_ISA_USAGE = YES_ERROR;
				CLANG_WARN_DOCUMENTATION_COMMENTS = YES;
				CLANG_WARN_EMPTY_BODY = YES;
				CLANG_WARN_ENUM_CONVERSION = YES;
				CLANG_WARN_INFINITE_RECURSION = YES;
				CLANG_WARN_INT_CONVERSION = YES;
				CLANG_WARN_NON_LITERAL_NULL_CONVERSION = YES;
				CLANG_WARN_OBJC_IMPLICIT_RETAIN_SELF = YES;
				CLANG_WARN_OBJC_LITERAL_CONVERSION = YES;
				CLANG_WARN_OBJC_ROOT_CLASS = YES_ERROR;
				CLANG_WARN_RANGE_LOOP_ANALYSIS = YES;
				CLANG_WARN_STRICT_PROTOTYPES = YES;
				CLANG_WARN_SUSPICIOUS_MOVE = YES;
				CLANG_WARN_UNGUARDED_AVAILABILITY = YES_AGGRESSIVE;
				CLANG_WARN_UNREACHABLE_CODE = YES;
				CLANG_WARN__DUPLICATE_METHOD_MATCH = YES;
				CODE_SIGN_IDENTITY = "iPhone Developer";
				COPY_PHASE_STRIP = NO;
				DEBUG_INFORMATION_FORMAT = dwarf;
				ENABLE_STRICT_OBJC_MSGSEND = YES;
				ENABLE_TESTABILITY = YES;
				GCC_C_LANGUAGE_STANDARD = gnu11;
				GCC_DYNAMIC_NO_PIC = NO;
				GCC_NO_COMMON_BLOCKS = YES;
				GCC_OPTIMIZATION_LEVEL = 0;
				GCC_PREPROCESSOR_DEFINITIONS = (
					"DEBUG=1",
					"$(inherited)",
				);
				GCC_WARN_64_TO_32_BIT_CONVERSION = YES;
				GCC_WARN_ABOUT_RETURN_TYPE = YES_ERROR;
				GCC_WARN_UNDECLARED_SELECTOR = YES;
				GCC_WARN_UNINITIALIZED_AUTOS = YES_AGGRESSIVE;
				GCC_WARN_UNUSED_FUNCTION = YES;
				GCC_WARN_UNUSED_VARIABLE = YES;
				IPHONEOS_DEPLOYMENT_TARGET = 12.0;
				MTL_ENABLE_DEBUG_INFO = INCLUDE_SOURCE;
				MTL_FAST_MATH = YES;
				ONLY_ACTIVE_ARCH = YES;
				SDKROOT = iphoneos;
				SWIFT_ACTIVE_COMPILATION_CONDITIONS = DEBUG;
				SWIFT_OPTIMIZATION_LEVEL = "-Onone";
			};
			name = Debug;
		};
		403D720F21AAE376008D9E9F /* Release */ = {
			isa = XCBuildConfiguration;
			buildSettings = {
				ALWAYS_EMBED_SWIFT_STANDARD_LIBRARIES = "$(inherited)";
				ALWAYS_SEARCH_USER_PATHS = NO;
				CLANG_ANALYZER_NONNULL = YES;
				CLANG_ANALYZER_NUMBER_OBJECT_CONVERSION = YES_AGGRESSIVE;
				CLANG_CXX_LANGUAGE_STANDARD = "gnu++14";
				CLANG_CXX_LIBRARY = "libc++";
				CLANG_ENABLE_MODULES = YES;
				CLANG_ENABLE_OBJC_ARC = YES;
				CLANG_ENABLE_OBJC_WEAK = YES;
				CLANG_WARN_BLOCK_CAPTURE_AUTORELEASING = YES;
				CLANG_WARN_BOOL_CONVERSION = YES;
				CLANG_WARN_COMMA = YES;
				CLANG_WARN_CONSTANT_CONVERSION = YES;
				CLANG_WARN_DEPRECATED_OBJC_IMPLEMENTATIONS = YES;
				CLANG_WARN_DIRECT_OBJC_ISA_USAGE = YES_ERROR;
				CLANG_WARN_DOCUMENTATION_COMMENTS = YES;
				CLANG_WARN_EMPTY_BODY = YES;
				CLANG_WARN_ENUM_CONVERSION = YES;
				CLANG_WARN_INFINITE_RECURSION = YES;
				CLANG_WARN_INT_CONVERSION = YES;
				CLANG_WARN_NON_LITERAL_NULL_CONVERSION = YES;
				CLANG_WARN_OBJC_IMPLICIT_RETAIN_SELF = YES;
				CLANG_WARN_OBJC_LITERAL_CONVERSION = YES;
				CLANG_WARN_OBJC_ROOT_CLASS = YES_ERROR;
				CLANG_WARN_RANGE_LOOP_ANALYSIS = YES;
				CLANG_WARN_STRICT_PROTOTYPES = YES;
				CLANG_WARN_SUSPICIOUS_MOVE = YES;
				CLANG_WARN_UNGUARDED_AVAILABILITY = YES_AGGRESSIVE;
				CLANG_WARN_UNREACHABLE_CODE = YES;
				CLANG_WARN__DUPLICATE_METHOD_MATCH = YES;
				CODE_SIGN_IDENTITY = "iPhone Developer";
				COPY_PHASE_STRIP = NO;
				DEBUG_INFORMATION_FORMAT = "dwarf-with-dsym";
				ENABLE_NS_ASSERTIONS = NO;
				ENABLE_STRICT_OBJC_MSGSEND = YES;
				GCC_C_LANGUAGE_STANDARD = gnu11;
				GCC_NO_COMMON_BLOCKS = YES;
				GCC_WARN_64_TO_32_BIT_CONVERSION = YES;
				GCC_WARN_ABOUT_RETURN_TYPE = YES_ERROR;
				GCC_WARN_UNDECLARED_SELECTOR = YES;
				GCC_WARN_UNINITIALIZED_AUTOS = YES_AGGRESSIVE;
				GCC_WARN_UNUSED_FUNCTION = YES;
				GCC_WARN_UNUSED_VARIABLE = YES;
				IPHONEOS_DEPLOYMENT_TARGET = 12.0;
				MTL_ENABLE_DEBUG_INFO = NO;
				MTL_FAST_MATH = YES;
				SDKROOT = iphoneos;
				SWIFT_COMPILATION_MODE = wholemodule;
				SWIFT_OPTIMIZATION_LEVEL = "-O";
				VALIDATE_PRODUCT = YES;
			};
			name = Release;
		};
		403D721121AAE376008D9E9F /* Debug */ = {
			isa = XCBuildConfiguration;
			baseConfigurationReference = 4E59065288D7D7AE05B20526 /* Pods-EventyayOrganizer.debug.xcconfig */;
			buildSettings = {
				ALWAYS_EMBED_SWIFT_STANDARD_LIBRARIES = "$(inherited)";
				ASSETCATALOG_COMPILER_APPICON_NAME = AppIcon;
				CODE_SIGN_STYLE = Automatic;
				DEVELOPMENT_TEAM = 7P4K4M8A4Q;
				INFOPLIST_FILE = "$(SRCROOT)/EventyayOrganizer/Supporting Files/Info.plist";
				LD_RUNPATH_SEARCH_PATHS = (
					"$(inherited)",
					"@executable_path/Frameworks",
				);
				PRODUCT_BUNDLE_IDENTIFIER = "fossasia.Eventyay-Organizer";
				PRODUCT_NAME = "$(TARGET_NAME)";
				SWIFT_VERSION = 4.2;
				TARGETED_DEVICE_FAMILY = "1,2";
			};
			name = Debug;
		};
		403D721221AAE376008D9E9F /* Release */ = {
			isa = XCBuildConfiguration;
			baseConfigurationReference = 3B48E7757D136D9306528CD4 /* Pods-EventyayOrganizer.release.xcconfig */;
			buildSettings = {
				ALWAYS_EMBED_SWIFT_STANDARD_LIBRARIES = "$(inherited)";
				ASSETCATALOG_COMPILER_APPICON_NAME = AppIcon;
				CODE_SIGN_STYLE = Automatic;
				DEVELOPMENT_TEAM = 7P4K4M8A4Q;
				INFOPLIST_FILE = "$(SRCROOT)/EventyayOrganizer/Supporting Files/Info.plist";
				LD_RUNPATH_SEARCH_PATHS = (
					"$(inherited)",
					"@executable_path/Frameworks",
				);
				PRODUCT_BUNDLE_IDENTIFIER = "fossasia.Eventyay-Organizer";
				PRODUCT_NAME = "$(TARGET_NAME)";
				SWIFT_VERSION = 4.2;
				TARGETED_DEVICE_FAMILY = "1,2";
			};
			name = Release;
		};
		403D721421AAE376008D9E9F /* Debug */ = {
			isa = XCBuildConfiguration;
			baseConfigurationReference = E73F39BE5BCAC0554BF47070 /* Pods-EventyayOrganizerUITests.debug.xcconfig */;
			buildSettings = {
				ALWAYS_EMBED_SWIFT_STANDARD_LIBRARIES = "$(inherited)";
				CODE_SIGN_STYLE = Automatic;
				DEVELOPMENT_TEAM = 7P4K4M8A4Q;
				INFOPLIST_FILE = EventyayOrganizerUITests/Info.plist;
				LD_RUNPATH_SEARCH_PATHS = (
					"$(inherited)",
					"@executable_path/Frameworks",
					"@loader_path/Frameworks",
				);
				PRODUCT_BUNDLE_IDENTIFIER = "fossasia.Eventyay-OrganizerUITests";
				PRODUCT_NAME = "$(TARGET_NAME)";
				SWIFT_VERSION = 4.2;
				TARGETED_DEVICE_FAMILY = "1,2";
				TEST_TARGET_NAME = EventyayOrganizer;
			};
			name = Debug;
		};
		403D721521AAE376008D9E9F /* Release */ = {
			isa = XCBuildConfiguration;
			baseConfigurationReference = 5E323D8B8C9F2A87D027E2CD /* Pods-EventyayOrganizerUITests.release.xcconfig */;
			buildSettings = {
				ALWAYS_EMBED_SWIFT_STANDARD_LIBRARIES = "$(inherited)";
				CODE_SIGN_STYLE = Automatic;
				DEVELOPMENT_TEAM = 7P4K4M8A4Q;
				INFOPLIST_FILE = EventyayOrganizerUITests/Info.plist;
				LD_RUNPATH_SEARCH_PATHS = (
					"$(inherited)",
					"@executable_path/Frameworks",
					"@loader_path/Frameworks",
				);
				PRODUCT_BUNDLE_IDENTIFIER = "fossasia.Eventyay-OrganizerUITests";
				PRODUCT_NAME = "$(TARGET_NAME)";
				SWIFT_VERSION = 4.2;
				TARGETED_DEVICE_FAMILY = "1,2";
				TEST_TARGET_NAME = EventyayOrganizer;
			};
			name = Release;
		};
/* End XCBuildConfiguration section */

/* Begin XCConfigurationList section */
		403D71EE21AAE370008D9E9F /* Build configuration list for PBXProject "EventyayOrganizer" */ = {
			isa = XCConfigurationList;
			buildConfigurations = (
				403D720E21AAE376008D9E9F /* Debug */,
				403D720F21AAE376008D9E9F /* Release */,
			);
			defaultConfigurationIsVisible = 0;
			defaultConfigurationName = Release;
		};
		403D721021AAE376008D9E9F /* Build configuration list for PBXNativeTarget "EventyayOrganizer" */ = {
			isa = XCConfigurationList;
			buildConfigurations = (
				403D721121AAE376008D9E9F /* Debug */,
				403D721221AAE376008D9E9F /* Release */,
			);
			defaultConfigurationIsVisible = 0;
			defaultConfigurationName = Release;
		};
		403D721321AAE376008D9E9F /* Build configuration list for PBXNativeTarget "EventyayOrganizerUITests" */ = {
			isa = XCConfigurationList;
			buildConfigurations = (
				403D721421AAE376008D9E9F /* Debug */,
				403D721521AAE376008D9E9F /* Release */,
			);
			defaultConfigurationIsVisible = 0;
			defaultConfigurationName = Release;
		};
/* End XCConfigurationList section */
	};
	rootObject = 403D71EB21AAE370008D9E9F /* Project object */;
}
