// !$*UTF8*$!
{
	archiveVersion = 1;
	classes = {
	};
	objectVersion = 50;
	objects = {

/* Begin PBXBuildFile section */
		194E0D5D0CC9C8A20D931826 /* Pods_Eventyay_OrganizerUITests.framework in Frameworks */ = {isa = PBXBuildFile; fileRef = CD2E33D57636FEAAF5F72661 /* Pods_Eventyay_OrganizerUITests.framework */; };
		403D71F721AAE370008D9E9F /* AppDelegate.swift in Sources */ = {isa = PBXBuildFile; fileRef = 403D71F621AAE370008D9E9F /* AppDelegate.swift */; };
		403D71F921AAE371008D9E9F /* ViewController.swift in Sources */ = {isa = PBXBuildFile; fileRef = 403D71F821AAE371008D9E9F /* ViewController.swift */; };
		403D71FC21AAE371008D9E9F /* Main.storyboard in Resources */ = {isa = PBXBuildFile; fileRef = 403D71FA21AAE371008D9E9F /* Main.storyboard */; };
		403D71FE21AAE375008D9E9F /* Assets.xcassets in Resources */ = {isa = PBXBuildFile; fileRef = 403D71FD21AAE375008D9E9F /* Assets.xcassets */; };
		403D720121AAE375008D9E9F /* LaunchScreen.storyboard in Resources */ = {isa = PBXBuildFile; fileRef = 403D71FF21AAE375008D9E9F /* LaunchScreen.storyboard */; };
		403D720C21AAE375008D9E9F /* Eventyay_OrganizerUITests.swift in Sources */ = {isa = PBXBuildFile; fileRef = 403D720B21AAE375008D9E9F /* Eventyay_OrganizerUITests.swift */; };
		C2A1045EA001C907BFA62441 /* Pods_Eventyay_Organizer.framework in Frameworks */ = {isa = PBXBuildFile; fileRef = FF19EB70056370EBE796C1DE /* Pods_Eventyay_Organizer.framework */; };
/* End PBXBuildFile section */

/* Begin PBXContainerItemProxy section */
		403D720821AAE375008D9E9F /* PBXContainerItemProxy */ = {
			isa = PBXContainerItemProxy;
			containerPortal = 403D71EB21AAE370008D9E9F /* Project object */;
			proxyType = 1;
			remoteGlobalIDString = 403D71F221AAE370008D9E9F;
			remoteInfo = "Eventyay Organizer";
		};
/* End PBXContainerItemProxy section */

/* Begin PBXFileReference section */
		403D71F321AAE370008D9E9F /* Eventyay Organizer.app */ = {isa = PBXFileReference; explicitFileType = wrapper.application; includeInIndex = 0; path = "Eventyay Organizer.app"; sourceTree = BUILT_PRODUCTS_DIR; };
		403D71F621AAE370008D9E9F /* AppDelegate.swift */ = {isa = PBXFileReference; lastKnownFileType = sourcecode.swift; path = AppDelegate.swift; sourceTree = "<group>"; };
		403D71F821AAE371008D9E9F /* ViewController.swift */ = {isa = PBXFileReference; lastKnownFileType = sourcecode.swift; path = ViewController.swift; sourceTree = "<group>"; };
		403D71FB21AAE371008D9E9F /* Base */ = {isa = PBXFileReference; lastKnownFileType = file.storyboard; name = Base; path = Base.lproj/Main.storyboard; sourceTree = "<group>"; };
		403D71FD21AAE375008D9E9F /* Assets.xcassets */ = {isa = PBXFileReference; lastKnownFileType = folder.assetcatalog; path = Assets.xcassets; sourceTree = "<group>"; };
		403D720021AAE375008D9E9F /* Base */ = {isa = PBXFileReference; lastKnownFileType = file.storyboard; name = Base; path = Base.lproj/LaunchScreen.storyboard; sourceTree = "<group>"; };
		403D720221AAE375008D9E9F /* Info.plist */ = {isa = PBXFileReference; lastKnownFileType = text.plist.xml; path = Info.plist; sourceTree = "<group>"; };
		403D720721AAE375008D9E9F /* Eventyay OrganizerUITests.xctest */ = {isa = PBXFileReference; explicitFileType = wrapper.cfbundle; includeInIndex = 0; path = "Eventyay OrganizerUITests.xctest"; sourceTree = BUILT_PRODUCTS_DIR; };
		403D720B21AAE375008D9E9F /* Eventyay_OrganizerUITests.swift */ = {isa = PBXFileReference; lastKnownFileType = sourcecode.swift; path = Eventyay_OrganizerUITests.swift; sourceTree = "<group>"; };
		403D720D21AAE376008D9E9F /* Info.plist */ = {isa = PBXFileReference; lastKnownFileType = text.plist.xml; path = Info.plist; sourceTree = "<group>"; };
		92B01F002AE80C41B55D3A90 /* Pods-Eventyay OrganizerUITests.debug.xcconfig */ = {isa = PBXFileReference; includeInIndex = 1; lastKnownFileType = text.xcconfig; name = "Pods-Eventyay OrganizerUITests.debug.xcconfig"; path = "Pods/Target Support Files/Pods-Eventyay OrganizerUITests/Pods-Eventyay OrganizerUITests.debug.xcconfig"; sourceTree = "<group>"; };
		9766B3F091C06BFC31CE4C98 /* Pods-Eventyay OrganizerUITests.release.xcconfig */ = {isa = PBXFileReference; includeInIndex = 1; lastKnownFileType = text.xcconfig; name = "Pods-Eventyay OrganizerUITests.release.xcconfig"; path = "Pods/Target Support Files/Pods-Eventyay OrganizerUITests/Pods-Eventyay OrganizerUITests.release.xcconfig"; sourceTree = "<group>"; };
		A96FB2E220B35F7A5501716E /* Pods-Eventyay Organizer.debug.xcconfig */ = {isa = PBXFileReference; includeInIndex = 1; lastKnownFileType = text.xcconfig; name = "Pods-Eventyay Organizer.debug.xcconfig"; path = "Pods/Target Support Files/Pods-Eventyay Organizer/Pods-Eventyay Organizer.debug.xcconfig"; sourceTree = "<group>"; };
		AAF2194E7B6018A3935F2B62 /* Pods-Eventyay Organizer.release.xcconfig */ = {isa = PBXFileReference; includeInIndex = 1; lastKnownFileType = text.xcconfig; name = "Pods-Eventyay Organizer.release.xcconfig"; path = "Pods/Target Support Files/Pods-Eventyay Organizer/Pods-Eventyay Organizer.release.xcconfig"; sourceTree = "<group>"; };
		CD2E33D57636FEAAF5F72661 /* Pods_Eventyay_OrganizerUITests.framework */ = {isa = PBXFileReference; explicitFileType = wrapper.framework; includeInIndex = 0; path = Pods_Eventyay_OrganizerUITests.framework; sourceTree = BUILT_PRODUCTS_DIR; };
		FF19EB70056370EBE796C1DE /* Pods_Eventyay_Organizer.framework */ = {isa = PBXFileReference; explicitFileType = wrapper.framework; includeInIndex = 0; path = Pods_Eventyay_Organizer.framework; sourceTree = BUILT_PRODUCTS_DIR; };
/* End PBXFileReference section */

/* Begin PBXFrameworksBuildPhase section */
		403D71F021AAE370008D9E9F /* Frameworks */ = {
			isa = PBXFrameworksBuildPhase;
			buildActionMask = 2147483647;
			files = (
				C2A1045EA001C907BFA62441 /* Pods_Eventyay_Organizer.framework in Frameworks */,
			);
			runOnlyForDeploymentPostprocessing = 0;
		};
		403D720421AAE375008D9E9F /* Frameworks */ = {
			isa = PBXFrameworksBuildPhase;
			buildActionMask = 2147483647;
			files = (
				194E0D5D0CC9C8A20D931826 /* Pods_Eventyay_OrganizerUITests.framework in Frameworks */,
			);
			runOnlyForDeploymentPostprocessing = 0;
		};
/* End PBXFrameworksBuildPhase section */

/* Begin PBXGroup section */
		0E840257897F799AB3B846D9 /* Frameworks */ = {
			isa = PBXGroup;
			children = (
				FF19EB70056370EBE796C1DE /* Pods_Eventyay_Organizer.framework */,
				CD2E33D57636FEAAF5F72661 /* Pods_Eventyay_OrganizerUITests.framework */,
			);
			name = Frameworks;
			sourceTree = "<group>";
		};
		403D71EA21AAE370008D9E9F = {
			isa = PBXGroup;
			children = (
				403D71F521AAE370008D9E9F /* Eventyay Organizer */,
				403D720A21AAE375008D9E9F /* Eventyay OrganizerUITests */,
				403D71F421AAE370008D9E9F /* Products */,
				C90AFB930213855CFD590E3B /* Pods */,
				0E840257897F799AB3B846D9 /* Frameworks */,
			);
			sourceTree = "<group>";
		};
		403D71F421AAE370008D9E9F /* Products */ = {
			isa = PBXGroup;
			children = (
				403D71F321AAE370008D9E9F /* Eventyay Organizer.app */,
				403D720721AAE375008D9E9F /* Eventyay OrganizerUITests.xctest */,
			);
			name = Products;
			sourceTree = "<group>";
		};
		403D71F521AAE370008D9E9F /* Eventyay Organizer */ = {
			isa = PBXGroup;
			children = (
				403D71F621AAE370008D9E9F /* AppDelegate.swift */,
				403D71F821AAE371008D9E9F /* ViewController.swift */,
				403D71FA21AAE371008D9E9F /* Main.storyboard */,
				403D71FD21AAE375008D9E9F /* Assets.xcassets */,
				403D71FF21AAE375008D9E9F /* LaunchScreen.storyboard */,
				403D720221AAE375008D9E9F /* Info.plist */,
			);
			path = "Eventyay Organizer";
			sourceTree = "<group>";
		};
		403D720A21AAE375008D9E9F /* Eventyay OrganizerUITests */ = {
			isa = PBXGroup;
			children = (
				403D720B21AAE375008D9E9F /* Eventyay_OrganizerUITests.swift */,
				403D720D21AAE376008D9E9F /* Info.plist */,
			);
			path = "Eventyay OrganizerUITests";
			sourceTree = "<group>";
		};
		C90AFB930213855CFD590E3B /* Pods */ = {
			isa = PBXGroup;
			children = (
				A96FB2E220B35F7A5501716E /* Pods-Eventyay Organizer.debug.xcconfig */,
				AAF2194E7B6018A3935F2B62 /* Pods-Eventyay Organizer.release.xcconfig */,
				92B01F002AE80C41B55D3A90 /* Pods-Eventyay OrganizerUITests.debug.xcconfig */,
				9766B3F091C06BFC31CE4C98 /* Pods-Eventyay OrganizerUITests.release.xcconfig */,
			);
			name = Pods;
			sourceTree = "<group>";
		};
/* End PBXGroup section */

/* Begin PBXNativeTarget section */
		403D71F221AAE370008D9E9F /* Eventyay Organizer */ = {
			isa = PBXNativeTarget;
			buildConfigurationList = 403D721021AAE376008D9E9F /* Build configuration list for PBXNativeTarget "Eventyay Organizer" */;
			buildPhases = (
				27B750F2C1C426A8F8742869 /* [CP] Check Pods Manifest.lock */,
				403D71EF21AAE370008D9E9F /* Sources */,
				403D71F021AAE370008D9E9F /* Frameworks */,
				403D71F121AAE370008D9E9F /* Resources */,
			);
			buildRules = (
			);
			dependencies = (
			);
			name = "Eventyay Organizer";
			productName = "Eventyay Organizer";
			productReference = 403D71F321AAE370008D9E9F /* Eventyay Organizer.app */;
			productType = "com.apple.product-type.application";
		};
		403D720621AAE375008D9E9F /* Eventyay OrganizerUITests */ = {
			isa = PBXNativeTarget;
			buildConfigurationList = 403D721321AAE376008D9E9F /* Build configuration list for PBXNativeTarget "Eventyay OrganizerUITests" */;
			buildPhases = (
				7BDD60F1CF811E05925F95BD /* [CP] Check Pods Manifest.lock */,
				403D720321AAE375008D9E9F /* Sources */,
				403D720421AAE375008D9E9F /* Frameworks */,
				403D720521AAE375008D9E9F /* Resources */,
				14B5A9A6139CA377639C6EF3 /* [CP] Embed Pods Frameworks */,
			);
			buildRules = (
			);
			dependencies = (
				403D720921AAE375008D9E9F /* PBXTargetDependency */,
			);
			name = "Eventyay OrganizerUITests";
			productName = "Eventyay OrganizerUITests";
			productReference = 403D720721AAE375008D9E9F /* Eventyay OrganizerUITests.xctest */;
			productType = "com.apple.product-type.bundle.ui-testing";
		};
/* End PBXNativeTarget section */

/* Begin PBXProject section */
		403D71EB21AAE370008D9E9F /* Project object */ = {
			isa = PBXProject;
			attributes = {
				LastSwiftUpdateCheck = 1010;
				LastUpgradeCheck = 1010;
				ORGANIZATIONNAME = FOSSAsia;
				TargetAttributes = {
					403D71F221AAE370008D9E9F = {
						CreatedOnToolsVersion = 10.1;
					};
					403D720621AAE375008D9E9F = {
						CreatedOnToolsVersion = 10.1;
						TestTargetID = 403D71F221AAE370008D9E9F;
					};
				};
			};
			buildConfigurationList = 403D71EE21AAE370008D9E9F /* Build configuration list for PBXProject "Eventyay Organizer" */;
			compatibilityVersion = "Xcode 9.3";
			developmentRegion = en;
			hasScannedForEncodings = 0;
			knownRegions = (
				en,
				Base,
			);
			mainGroup = 403D71EA21AAE370008D9E9F;
			productRefGroup = 403D71F421AAE370008D9E9F /* Products */;
			projectDirPath = "";
			projectRoot = "";
			targets = (
				403D71F221AAE370008D9E9F /* Eventyay Organizer */,
				403D720621AAE375008D9E9F /* Eventyay OrganizerUITests */,
			);
		};
/* End PBXProject section */

/* Begin PBXResourcesBuildPhase section */
		403D71F121AAE370008D9E9F /* Resources */ = {
			isa = PBXResourcesBuildPhase;
			buildActionMask = 2147483647;
			files = (
				403D720121AAE375008D9E9F /* LaunchScreen.storyboard in Resources */,
				403D71FE21AAE375008D9E9F /* Assets.xcassets in Resources */,
				403D71FC21AAE371008D9E9F /* Main.storyboard in Resources */,
			);
			runOnlyForDeploymentPostprocessing = 0;
		};
		403D720521AAE375008D9E9F /* Resources */ = {
			isa = PBXResourcesBuildPhase;
			buildActionMask = 2147483647;
			files = (
			);
			runOnlyForDeploymentPostprocessing = 0;
		};
/* End PBXResourcesBuildPhase section */

/* Begin PBXShellScriptBuildPhase section */
		14B5A9A6139CA377639C6EF3 /* [CP] Embed Pods Frameworks */ = {
			isa = PBXShellScriptBuildPhase;
			buildActionMask = 2147483647;
			files = (
			);
			inputPaths = (
				"${SRCROOT}/Pods/Target Support Files/Pods-Eventyay OrganizerUITests/Pods-Eventyay OrganizerUITests-frameworks.sh",
				"${BUILT_PRODUCTS_DIR}/M13Checkbox/M13Checkbox.framework",
				"${BUILT_PRODUCTS_DIR}/Material/Material.framework",
				"${BUILT_PRODUCTS_DIR}/Motion/Motion.framework",
			);
			name = "[CP] Embed Pods Frameworks";
			outputPaths = (
				"${TARGET_BUILD_DIR}/${FRAMEWORKS_FOLDER_PATH}/M13Checkbox.framework",
				"${TARGET_BUILD_DIR}/${FRAMEWORKS_FOLDER_PATH}/Material.framework",
				"${TARGET_BUILD_DIR}/${FRAMEWORKS_FOLDER_PATH}/Motion.framework",
			);
			runOnlyForDeploymentPostprocessing = 0;
			shellPath = /bin/sh;
			shellScript = "\"${SRCROOT}/Pods/Target Support Files/Pods-Eventyay OrganizerUITests/Pods-Eventyay OrganizerUITests-frameworks.sh\"\n";
			showEnvVarsInLog = 0;
		};
		27B750F2C1C426A8F8742869 /* [CP] Check Pods Manifest.lock */ = {
			isa = PBXShellScriptBuildPhase;
			buildActionMask = 2147483647;
			files = (
			);
			inputPaths = (
				"${PODS_PODFILE_DIR_PATH}/Podfile.lock",
				"${PODS_ROOT}/Manifest.lock",
			);
			name = "[CP] Check Pods Manifest.lock";
			outputPaths = (
				"$(DERIVED_FILE_DIR)/Pods-Eventyay Organizer-checkManifestLockResult.txt",
			);
			runOnlyForDeploymentPostprocessing = 0;
			shellPath = /bin/sh;
			shellScript = "diff \"${PODS_PODFILE_DIR_PATH}/Podfile.lock\" \"${PODS_ROOT}/Manifest.lock\" > /dev/null\nif [ $? != 0 ] ; then\n    # print error to STDERR\n    echo \"error: The sandbox is not in sync with the Podfile.lock. Run 'pod install' or update your CocoaPods installation.\" >&2\n    exit 1\nfi\n# This output is used by Xcode 'outputs' to avoid re-running this script phase.\necho \"SUCCESS\" > \"${SCRIPT_OUTPUT_FILE_0}\"\n";
			showEnvVarsInLog = 0;
		};
		7BDD60F1CF811E05925F95BD /* [CP] Check Pods Manifest.lock */ = {
			isa = PBXShellScriptBuildPhase;
			buildActionMask = 2147483647;
			files = (
			);
			inputPaths = (
				"${PODS_PODFILE_DIR_PATH}/Podfile.lock",
				"${PODS_ROOT}/Manifest.lock",
			);
			name = "[CP] Check Pods Manifest.lock";
			outputPaths = (
				"$(DERIVED_FILE_DIR)/Pods-Eventyay OrganizerUITests-checkManifestLockResult.txt",
			);
			runOnlyForDeploymentPostprocessing = 0;
			shellPath = /bin/sh;
			shellScript = "diff \"${PODS_PODFILE_DIR_PATH}/Podfile.lock\" \"${PODS_ROOT}/Manifest.lock\" > /dev/null\nif [ $? != 0 ] ; then\n    # print error to STDERR\n    echo \"error: The sandbox is not in sync with the Podfile.lock. Run 'pod install' or update your CocoaPods installation.\" >&2\n    exit 1\nfi\n# This output is used by Xcode 'outputs' to avoid re-running this script phase.\necho \"SUCCESS\" > \"${SCRIPT_OUTPUT_FILE_0}\"\n";
			showEnvVarsInLog = 0;
		};
/* End PBXShellScriptBuildPhase section */

/* Begin PBXSourcesBuildPhase section */
		403D71EF21AAE370008D9E9F /* Sources */ = {
			isa = PBXSourcesBuildPhase;
			buildActionMask = 2147483647;
			files = (
				403D71F921AAE371008D9E9F /* ViewController.swift in Sources */,
				403D71F721AAE370008D9E9F /* AppDelegate.swift in Sources */,
			);
			runOnlyForDeploymentPostprocessing = 0;
		};
		403D720321AAE375008D9E9F /* Sources */ = {
			isa = PBXSourcesBuildPhase;
			buildActionMask = 2147483647;
			files = (
				403D720C21AAE375008D9E9F /* Eventyay_OrganizerUITests.swift in Sources */,
			);
			runOnlyForDeploymentPostprocessing = 0;
		};
/* End PBXSourcesBuildPhase section */

/* Begin PBXTargetDependency section */
		403D720921AAE375008D9E9F /* PBXTargetDependency */ = {
			isa = PBXTargetDependency;
			target = 403D71F221AAE370008D9E9F /* Eventyay Organizer */;
			targetProxy = 403D720821AAE375008D9E9F /* PBXContainerItemProxy */;
		};
/* End PBXTargetDependency section */

/* Begin PBXVariantGroup section */
		403D71FA21AAE371008D9E9F /* Main.storyboard */ = {
			isa = PBXVariantGroup;
			children = (
				403D71FB21AAE371008D9E9F /* Base */,
			);
			name = Main.storyboard;
			sourceTree = "<group>";
		};
		403D71FF21AAE375008D9E9F /* LaunchScreen.storyboard */ = {
			isa = PBXVariantGroup;
			children = (
				403D720021AAE375008D9E9F /* Base */,
			);
			name = LaunchScreen.storyboard;
			sourceTree = "<group>";
		};
/* End PBXVariantGroup section */

/* Begin XCBuildConfiguration section */
		403D720E21AAE376008D9E9F /* Debug */ = {
			isa = XCBuildConfiguration;
			buildSettings = {
				ALWAYS_EMBED_SWIFT_STANDARD_LIBRARIES = "$(inherited)";
				ALWAYS_SEARCH_USER_PATHS = NO;
				CLANG_ANALYZER_NONNULL = YES;
				CLANG_ANALYZER_NUMBER_OBJECT_CONVERSION = YES_AGGRESSIVE;
				CLANG_CXX_LANGUAGE_STANDARD = "gnu++14";
				CLANG_CXX_LIBRARY = "libc++";
				CLANG_ENABLE_MODULES = YES;
				CLANG_ENABLE_OBJC_ARC = YES;
				CLANG_ENABLE_OBJC_WEAK = YES;
				CLANG_WARN_BLOCK_CAPTURE_AUTORELEASING = YES;
				CLANG_WARN_BOOL_CONVERSION = YES;
				CLANG_WARN_COMMA = YES;
				CLANG_WARN_CONSTANT_CONVERSION = YES;
				CLANG_WARN_DEPRECATED_OBJC_IMPLEMENTATIONS = YES;
				CLANG_WARN_DIRECT_OBJC_ISA_USAGE = YES_ERROR;
				CLANG_WARN_DOCUMENTATION_COMMENTS = YES;
				CLANG_WARN_EMPTY_BODY = YES;
				CLANG_WARN_ENUM_CONVERSION = YES;
				CLANG_WARN_INFINITE_RECURSION = YES;
				CLANG_WARN_INT_CONVERSION = YES;
				CLANG_WARN_NON_LITERAL_NULL_CONVERSION = YES;
				CLANG_WARN_OBJC_IMPLICIT_RETAIN_SELF = YES;
				CLANG_WARN_OBJC_LITERAL_CONVERSION = YES;
				CLANG_WARN_OBJC_ROOT_CLASS = YES_ERROR;
				CLANG_WARN_RANGE_LOOP_ANALYSIS = YES;
				CLANG_WARN_STRICT_PROTOTYPES = YES;
				CLANG_WARN_SUSPICIOUS_MOVE = YES;
				CLANG_WARN_UNGUARDED_AVAILABILITY = YES_AGGRESSIVE;
				CLANG_WARN_UNREACHABLE_CODE = YES;
				CLANG_WARN__DUPLICATE_METHOD_MATCH = YES;
				CODE_SIGN_IDENTITY = "iPhone Developer";
				COPY_PHASE_STRIP = NO;
				DEBUG_INFORMATION_FORMAT = dwarf;
				ENABLE_STRICT_OBJC_MSGSEND = YES;
				ENABLE_TESTABILITY = YES;
				GCC_C_LANGUAGE_STANDARD = gnu11;
				GCC_DYNAMIC_NO_PIC = NO;
				GCC_NO_COMMON_BLOCKS = YES;
				GCC_OPTIMIZATION_LEVEL = 0;
				GCC_PREPROCESSOR_DEFINITIONS = (
					"DEBUG=1",
					"$(inherited)",
				);
				GCC_WARN_64_TO_32_BIT_CONVERSION = YES;
				GCC_WARN_ABOUT_RETURN_TYPE = YES_ERROR;
				GCC_WARN_UNDECLARED_SELECTOR = YES;
				GCC_WARN_UNINITIALIZED_AUTOS = YES_AGGRESSIVE;
				GCC_WARN_UNUSED_FUNCTION = YES;
				GCC_WARN_UNUSED_VARIABLE = YES;
				IPHONEOS_DEPLOYMENT_TARGET = 12.0;
				MTL_ENABLE_DEBUG_INFO = INCLUDE_SOURCE;
				MTL_FAST_MATH = YES;
				ONLY_ACTIVE_ARCH = YES;
				SDKROOT = iphoneos;
				SWIFT_ACTIVE_COMPILATION_CONDITIONS = DEBUG;
				SWIFT_OPTIMIZATION_LEVEL = "-Onone";
			};
			name = Debug;
		};
		403D720F21AAE376008D9E9F /* Release */ = {
			isa = XCBuildConfiguration;
			buildSettings = {
				ALWAYS_EMBED_SWIFT_STANDARD_LIBRARIES = "$(inherited)";
				ALWAYS_SEARCH_USER_PATHS = NO;
				CLANG_ANALYZER_NONNULL = YES;
				CLANG_ANALYZER_NUMBER_OBJECT_CONVERSION = YES_AGGRESSIVE;
				CLANG_CXX_LANGUAGE_STANDARD = "gnu++14";
				CLANG_CXX_LIBRARY = "libc++";
				CLANG_ENABLE_MODULES = YES;
				CLANG_ENABLE_OBJC_ARC = YES;
				CLANG_ENABLE_OBJC_WEAK = YES;
				CLANG_WARN_BLOCK_CAPTURE_AUTORELEASING = YES;
				CLANG_WARN_BOOL_CONVERSION = YES;
				CLANG_WARN_COMMA = YES;
				CLANG_WARN_CONSTANT_CONVERSION = YES;
				CLANG_WARN_DEPRECATED_OBJC_IMPLEMENTATIONS = YES;
				CLANG_WARN_DIRECT_OBJC_ISA_USAGE = YES_ERROR;
				CLANG_WARN_DOCUMENTATION_COMMENTS = YES;
				CLANG_WARN_EMPTY_BODY = YES;
				CLANG_WARN_ENUM_CONVERSION = YES;
				CLANG_WARN_INFINITE_RECURSION = YES;
				CLANG_WARN_INT_CONVERSION = YES;
				CLANG_WARN_NON_LITERAL_NULL_CONVERSION = YES;
				CLANG_WARN_OBJC_IMPLICIT_RETAIN_SELF = YES;
				CLANG_WARN_OBJC_LITERAL_CONVERSION = YES;
				CLANG_WARN_OBJC_ROOT_CLASS = YES_ERROR;
				CLANG_WARN_RANGE_LOOP_ANALYSIS = YES;
				CLANG_WARN_STRICT_PROTOTYPES = YES;
				CLANG_WARN_SUSPICIOUS_MOVE = YES;
				CLANG_WARN_UNGUARDED_AVAILABILITY = YES_AGGRESSIVE;
				CLANG_WARN_UNREACHABLE_CODE = YES;
				CLANG_WARN__DUPLICATE_METHOD_MATCH = YES;
				CODE_SIGN_IDENTITY = "iPhone Developer";
				COPY_PHASE_STRIP = NO;
				DEBUG_INFORMATION_FORMAT = "dwarf-with-dsym";
				ENABLE_NS_ASSERTIONS = NO;
				ENABLE_STRICT_OBJC_MSGSEND = YES;
				GCC_C_LANGUAGE_STANDARD = gnu11;
				GCC_NO_COMMON_BLOCKS = YES;
				GCC_WARN_64_TO_32_BIT_CONVERSION = YES;
				GCC_WARN_ABOUT_RETURN_TYPE = YES_ERROR;
				GCC_WARN_UNDECLARED_SELECTOR = YES;
				GCC_WARN_UNINITIALIZED_AUTOS = YES_AGGRESSIVE;
				GCC_WARN_UNUSED_FUNCTION = YES;
				GCC_WARN_UNUSED_VARIABLE = YES;
				IPHONEOS_DEPLOYMENT_TARGET = 12.0;
				MTL_ENABLE_DEBUG_INFO = NO;
				MTL_FAST_MATH = YES;
				SDKROOT = iphoneos;
				SWIFT_COMPILATION_MODE = wholemodule;
				SWIFT_OPTIMIZATION_LEVEL = "-O";
				VALIDATE_PRODUCT = YES;
			};
			name = Release;
		};
		403D721121AAE376008D9E9F /* Debug */ = {
			isa = XCBuildConfiguration;
			baseConfigurationReference = A96FB2E220B35F7A5501716E /* Pods-Eventyay Organizer.debug.xcconfig */;
			buildSettings = {
				ALWAYS_EMBED_SWIFT_STANDARD_LIBRARIES = "$(inherited)";
				ASSETCATALOG_COMPILER_APPICON_NAME = AppIcon;
				CODE_SIGN_STYLE = Automatic;
				DEVELOPMENT_TEAM = 7P4K4M8A4Q;
				INFOPLIST_FILE = "Eventyay Organizer/Info.plist";
				LD_RUNPATH_SEARCH_PATHS = (
					"$(inherited)",
					"@executable_path/Frameworks",
				);
				PRODUCT_BUNDLE_IDENTIFIER = "fossasia.Eventyay-Organizer";
				PRODUCT_NAME = "$(TARGET_NAME)";
				SWIFT_VERSION = 4.2;
				TARGETED_DEVICE_FAMILY = "1,2";
			};
			name = Debug;
		};
		403D721221AAE376008D9E9F /* Release */ = {
			isa = XCBuildConfiguration;
			baseConfigurationReference = AAF2194E7B6018A3935F2B62 /* Pods-Eventyay Organizer.release.xcconfig */;
			buildSettings = {
				ALWAYS_EMBED_SWIFT_STANDARD_LIBRARIES = "$(inherited)";
				ASSETCATALOG_COMPILER_APPICON_NAME = AppIcon;
				CODE_SIGN_STYLE = Automatic;
				DEVELOPMENT_TEAM = 7P4K4M8A4Q;
				INFOPLIST_FILE = "Eventyay Organizer/Info.plist";
				LD_RUNPATH_SEARCH_PATHS = (
					"$(inherited)",
					"@executable_path/Frameworks",
				);
				PRODUCT_BUNDLE_IDENTIFIER = "fossasia.Eventyay-Organizer";
				PRODUCT_NAME = "$(TARGET_NAME)";
				SWIFT_VERSION = 4.2;
				TARGETED_DEVICE_FAMILY = "1,2";
			};
			name = Release;
		};
		403D721421AAE376008D9E9F /* Debug */ = {
			isa = XCBuildConfiguration;
			baseConfigurationReference = 92B01F002AE80C41B55D3A90 /* Pods-Eventyay OrganizerUITests.debug.xcconfig */;
			buildSettings = {
				ALWAYS_EMBED_SWIFT_STANDARD_LIBRARIES = "$(inherited)";
				CODE_SIGN_STYLE = Automatic;
				DEVELOPMENT_TEAM = 7P4K4M8A4Q;
				INFOPLIST_FILE = "Eventyay OrganizerUITests/Info.plist";
				LD_RUNPATH_SEARCH_PATHS = (
					"$(inherited)",
					"@executable_path/Frameworks",
					"@loader_path/Frameworks",
				);
				PRODUCT_BUNDLE_IDENTIFIER = "fossasia.Eventyay-OrganizerUITests";
				PRODUCT_NAME = "$(TARGET_NAME)";
				SWIFT_VERSION = 4.2;
				TARGETED_DEVICE_FAMILY = "1,2";
				TEST_TARGET_NAME = "Eventyay Organizer";
			};
			name = Debug;
		};
		403D721521AAE376008D9E9F /* Release */ = {
			isa = XCBuildConfiguration;
			baseConfigurationReference = 9766B3F091C06BFC31CE4C98 /* Pods-Eventyay OrganizerUITests.release.xcconfig */;
			buildSettings = {
				ALWAYS_EMBED_SWIFT_STANDARD_LIBRARIES = "$(inherited)";
				CODE_SIGN_STYLE = Automatic;
				DEVELOPMENT_TEAM = 7P4K4M8A4Q;
				INFOPLIST_FILE = "Eventyay OrganizerUITests/Info.plist";
				LD_RUNPATH_SEARCH_PATHS = (
					"$(inherited)",
					"@executable_path/Frameworks",
					"@loader_path/Frameworks",
				);
				PRODUCT_BUNDLE_IDENTIFIER = "fossasia.Eventyay-OrganizerUITests";
				PRODUCT_NAME = "$(TARGET_NAME)";
				SWIFT_VERSION = 4.2;
				TARGETED_DEVICE_FAMILY = "1,2";
				TEST_TARGET_NAME = "Eventyay Organizer";
			};
			name = Release;
		};
/* End XCBuildConfiguration section */

/* Begin XCConfigurationList section */
		403D71EE21AAE370008D9E9F /* Build configuration list for PBXProject "Eventyay Organizer" */ = {
			isa = XCConfigurationList;
			buildConfigurations = (
				403D720E21AAE376008D9E9F /* Debug */,
				403D720F21AAE376008D9E9F /* Release */,
			);
			defaultConfigurationIsVisible = 0;
			defaultConfigurationName = Release;
		};
		403D721021AAE376008D9E9F /* Build configuration list for PBXNativeTarget "Eventyay Organizer" */ = {
			isa = XCConfigurationList;
			buildConfigurations = (
				403D721121AAE376008D9E9F /* Debug */,
				403D721221AAE376008D9E9F /* Release */,
			);
			defaultConfigurationIsVisible = 0;
			defaultConfigurationName = Release;
		};
		403D721321AAE376008D9E9F /* Build configuration list for PBXNativeTarget "Eventyay OrganizerUITests" */ = {
			isa = XCConfigurationList;
			buildConfigurations = (
				403D721421AAE376008D9E9F /* Debug */,
				403D721521AAE376008D9E9F /* Release */,
			);
			defaultConfigurationIsVisible = 0;
			defaultConfigurationName = Release;
		};
/* End XCConfigurationList section */
	};
	rootObject = 403D71EB21AAE370008D9E9F /* Project object */;
}
